// !$*UTF8*$!
{
	archiveVersion = 1;
	classes = {
	};
	objectVersion = 46;
	objects = {

/* Begin PBXBuildFile section */
		BB2325481A0D730A009DFD01 /* House.swift in Sources */ = {isa = PBXBuildFile; fileRef = BB2325471A0D730A009DFD01 /* House.swift */; };
		BBB1C21B1A0D8BF900633AD9 /* Player.swift in Sources */ = {isa = PBXBuildFile; fileRef = BBB1C21A1A0D8BF900633AD9 /* Player.swift */; };
		BBB1C21D1A0D91A700633AD9 /* Monster.swift in Sources */ = {isa = PBXBuildFile; fileRef = BBB1C21C1A0D91A700633AD9 /* Monster.swift */; };
		BBB1C21F1A0D951C00633AD9 /* GeneratePlateform.swift in Sources */ = {isa = PBXBuildFile; fileRef = BBB1C21E1A0D951C00633AD9 /* GeneratePlateform.swift */; };
		BBB1C2211A0E18CB00633AD9 /* Collision.swift in Sources */ = {isa = PBXBuildFile; fileRef = BBB1C2201A0E18CB00633AD9 /* Collision.swift */; };
		BBB1C2231A0E4E5300633AD9 /* GenerateItem.swift in Sources */ = {isa = PBXBuildFile; fileRef = BBB1C2221A0E4E5300633AD9 /* GenerateItem.swift */; };
		BBB1C2251A0E71AC00633AD9 /* ParticuleManager.swift in Sources */ = {isa = PBXBuildFile; fileRef = BBB1C2241A0E71AC00633AD9 /* ParticuleManager.swift */; };
		BBB1C2291A0E721600633AD9 /* spark.png in Resources */ = {isa = PBXBuildFile; fileRef = BBB1C2271A0E721600633AD9 /* spark.png */; };
		BBB1C22C1A0E768200633AD9 /* Broke.sks in Resources */ = {isa = PBXBuildFile; fileRef = BBB1C22B1A0E768200633AD9 /* Broke.sks */; };
		BBB1C22E1A0E8ABB00633AD9 /* PreloadData.swift in Sources */ = {isa = PBXBuildFile; fileRef = BBB1C22D1A0E8ABB00633AD9 /* PreloadData.swift */; };
		BBB1C2301A0EAA7B00633AD9 /* GenerateMonster.swift in Sources */ = {isa = PBXBuildFile; fileRef = BBB1C22F1A0EAA7B00633AD9 /* GenerateMonster.swift */; };
		BBB1C2321A0EE87200633AD9 /* Fire.sks in Resources */ = {isa = PBXBuildFile; fileRef = BBB1C2311A0EE87200633AD9 /* Fire.sks */; };
		BBB1C2341A0F1AE600633AD9 /* Smoke.sks in Resources */ = {isa = PBXBuildFile; fileRef = BBB1C2331A0F1AE600633AD9 /* Smoke.sks */; };
		BBB1C2361A0F26D400633AD9 /* main.mp3 in Resources */ = {isa = PBXBuildFile; fileRef = BBB1C2351A0F26D400633AD9 /* main.mp3 */; };
		BBB1C2391A0F27B700633AD9 /* AVFoundation.framework in Frameworks */ = {isa = PBXBuildFile; fileRef = BBB1C2381A0F27B700633AD9 /* AVFoundation.framework */; };
		BBB1C23F1A0F2B2100633AD9 /* Cri_0.wav in Resources */ = {isa = PBXBuildFile; fileRef = BBB1C23A1A0F2B2100633AD9 /* Cri_0.wav */; };
		BBB1C2401A0F2B2100633AD9 /* Cri_1.wav in Resources */ = {isa = PBXBuildFile; fileRef = BBB1C23B1A0F2B2100633AD9 /* Cri_1.wav */; };
		BBB1C2421A0F2B2100633AD9 /* Cri_2.wav in Resources */ = {isa = PBXBuildFile; fileRef = BBB1C23D1A0F2B2100633AD9 /* Cri_2.wav */; };
		BBB1C2431A0F2B2100633AD9 /* Cri_3.wav in Resources */ = {isa = PBXBuildFile; fileRef = BBB1C23E1A0F2B2100633AD9 /* Cri_3.wav */; };
		BBB1C2451A0F2E5400633AD9 /* crash.mp3 in Resources */ = {isa = PBXBuildFile; fileRef = BBB1C2441A0F2E5400633AD9 /* crash.mp3 */; };
		BBDCC5C41A0D6A0F00AA479F /* AppDelegate.swift in Sources */ = {isa = PBXBuildFile; fileRef = BBDCC5C31A0D6A0F00AA479F /* AppDelegate.swift */; };
		BBDCC5C81A0D6A0F00AA479F /* GameScene.swift in Sources */ = {isa = PBXBuildFile; fileRef = BBDCC5C71A0D6A0F00AA479F /* GameScene.swift */; };
		BBDCC5CA1A0D6A0F00AA479F /* GameViewController.swift in Sources */ = {isa = PBXBuildFile; fileRef = BBDCC5C91A0D6A0F00AA479F /* GameViewController.swift */; };
		BBDCC5CD1A0D6A0F00AA479F /* Main.storyboard in Resources */ = {isa = PBXBuildFile; fileRef = BBDCC5CB1A0D6A0F00AA479F /* Main.storyboard */; };
		BBDCC5CF1A0D6A1000AA479F /* Images.xcassets in Resources */ = {isa = PBXBuildFile; fileRef = BBDCC5CE1A0D6A1000AA479F /* Images.xcassets */; };
		BBDCC5D21A0D6A1000AA479F /* LaunchScreen.xib in Resources */ = {isa = PBXBuildFile; fileRef = BBDCC5D01A0D6A1000AA479F /* LaunchScreen.xib */; };
		BBDCC5DE1A0D6A1000AA479F /* GameJamTests.swift in Sources */ = {isa = PBXBuildFile; fileRef = BBDCC5DD1A0D6A1000AA479F /* GameJamTests.swift */; };
/* End PBXBuildFile section */

/* Begin PBXContainerItemProxy section */
		BBDCC5D81A0D6A1000AA479F /* PBXContainerItemProxy */ = {
			isa = PBXContainerItemProxy;
			containerPortal = BBDCC5B61A0D6A0F00AA479F /* Project object */;
			proxyType = 1;
			remoteGlobalIDString = BBDCC5BD1A0D6A0F00AA479F;
			remoteInfo = GameJam;
		};
/* End PBXContainerItemProxy section */

/* Begin PBXFileReference section */
		BB2325471A0D730A009DFD01 /* House.swift */ = {isa = PBXFileReference; fileEncoding = 4; lastKnownFileType = sourcecode.swift; path = House.swift; sourceTree = "<group>"; };
		BBB1C21A1A0D8BF900633AD9 /* Player.swift */ = {isa = PBXFileReference; fileEncoding = 4; lastKnownFileType = sourcecode.swift; path = Player.swift; sourceTree = "<group>"; };
		BBB1C21C1A0D91A700633AD9 /* Monster.swift */ = {isa = PBXFileReference; fileEncoding = 4; lastKnownFileType = sourcecode.swift; path = Monster.swift; sourceTree = "<group>"; };
		BBB1C21E1A0D951C00633AD9 /* GeneratePlateform.swift */ = {isa = PBXFileReference; fileEncoding = 4; lastKnownFileType = sourcecode.swift; path = GeneratePlateform.swift; sourceTree = "<group>"; };
		BBB1C2201A0E18CB00633AD9 /* Collision.swift */ = {isa = PBXFileReference; fileEncoding = 4; lastKnownFileType = sourcecode.swift; path = Collision.swift; sourceTree = "<group>"; };
		BBB1C2221A0E4E5300633AD9 /* GenerateItem.swift */ = {isa = PBXFileReference; fileEncoding = 4; lastKnownFileType = sourcecode.swift; path = GenerateItem.swift; sourceTree = "<group>"; };
		BBB1C2241A0E71AC00633AD9 /* ParticuleManager.swift */ = {isa = PBXFileReference; fileEncoding = 4; lastKnownFileType = sourcecode.swift; path = ParticuleManager.swift; sourceTree = "<group>"; };
		BBB1C2271A0E721600633AD9 /* spark.png */ = {isa = PBXFileReference; lastKnownFileType = image.png; path = spark.png; sourceTree = "<group>"; };
		BBB1C22B1A0E768200633AD9 /* Broke.sks */ = {isa = PBXFileReference; lastKnownFileType = file.sks; path = Broke.sks; sourceTree = "<group>"; };
		BBB1C22D1A0E8ABB00633AD9 /* PreloadData.swift */ = {isa = PBXFileReference; fileEncoding = 4; lastKnownFileType = sourcecode.swift; path = PreloadData.swift; sourceTree = "<group>"; };
		BBB1C22F1A0EAA7B00633AD9 /* GenerateMonster.swift */ = {isa = PBXFileReference; fileEncoding = 4; lastKnownFileType = sourcecode.swift; path = GenerateMonster.swift; sourceTree = "<group>"; };
		BBB1C2311A0EE87200633AD9 /* Fire.sks */ = {isa = PBXFileReference; lastKnownFileType = file.sks; path = Fire.sks; sourceTree = "<group>"; };
		BBB1C2331A0F1AE600633AD9 /* Smoke.sks */ = {isa = PBXFileReference; lastKnownFileType = file.sks; path = Smoke.sks; sourceTree = "<group>"; };
		BBB1C2351A0F26D400633AD9 /* main.mp3 */ = {isa = PBXFileReference; lastKnownFileType = audio.mp3; path = main.mp3; sourceTree = "<group>"; };
		BBB1C2381A0F27B700633AD9 /* AVFoundation.framework */ = {isa = PBXFileReference; lastKnownFileType = wrapper.framework; name = AVFoundation.framework; path = System/Library/Frameworks/AVFoundation.framework; sourceTree = SDKROOT; };
		BBB1C23A1A0F2B2100633AD9 /* Cri_0.wav */ = {isa = PBXFileReference; lastKnownFileType = audio.wav; path = Cri_0.wav; sourceTree = "<group>"; };
		BBB1C23B1A0F2B2100633AD9 /* Cri_1.wav */ = {isa = PBXFileReference; lastKnownFileType = audio.wav; path = Cri_1.wav; sourceTree = "<group>"; };
		BBB1C23D1A0F2B2100633AD9 /* Cri_2.wav */ = {isa = PBXFileReference; lastKnownFileType = audio.wav; path = Cri_2.wav; sourceTree = "<group>"; };
		BBB1C23E1A0F2B2100633AD9 /* Cri_3.wav */ = {isa = PBXFileReference; lastKnownFileType = audio.wav; path = Cri_3.wav; sourceTree = "<group>"; };
		BBB1C2441A0F2E5400633AD9 /* crash.mp3 */ = {isa = PBXFileReference; lastKnownFileType = audio.mp3; path = crash.mp3; sourceTree = "<group>"; };
		BBDCC5BE1A0D6A0F00AA479F /* GameJam.app */ = {isa = PBXFileReference; explicitFileType = wrapper.application; includeInIndex = 0; path = GameJam.app; sourceTree = BUILT_PRODUCTS_DIR; };
		BBDCC5C21A0D6A0F00AA479F /* Info.plist */ = {isa = PBXFileReference; lastKnownFileType = text.plist.xml; path = Info.plist; sourceTree = "<group>"; };
		BBDCC5C31A0D6A0F00AA479F /* AppDelegate.swift */ = {isa = PBXFileReference; lastKnownFileType = sourcecode.swift; path = AppDelegate.swift; sourceTree = "<group>"; };
		BBDCC5C71A0D6A0F00AA479F /* GameScene.swift */ = {isa = PBXFileReference; lastKnownFileType = sourcecode.swift; path = GameScene.swift; sourceTree = "<group>"; };
		BBDCC5C91A0D6A0F00AA479F /* GameViewController.swift */ = {isa = PBXFileReference; lastKnownFileType = sourcecode.swift; path = GameViewController.swift; sourceTree = "<group>"; };
		BBDCC5CC1A0D6A0F00AA479F /* Base */ = {isa = PBXFileReference; lastKnownFileType = file.storyboard; name = Base; path = Base.lproj/Main.storyboard; sourceTree = "<group>"; };
		BBDCC5CE1A0D6A1000AA479F /* Images.xcassets */ = {isa = PBXFileReference; lastKnownFileType = folder.assetcatalog; path = Images.xcassets; sourceTree = "<group>"; };
		BBDCC5D11A0D6A1000AA479F /* Base */ = {isa = PBXFileReference; lastKnownFileType = file.xib; name = Base; path = Base.lproj/LaunchScreen.xib; sourceTree = "<group>"; };
		BBDCC5D71A0D6A1000AA479F /* GameJamTests.xctest */ = {isa = PBXFileReference; explicitFileType = wrapper.cfbundle; includeInIndex = 0; path = GameJamTests.xctest; sourceTree = BUILT_PRODUCTS_DIR; };
		BBDCC5DC1A0D6A1000AA479F /* Info.plist */ = {isa = PBXFileReference; lastKnownFileType = text.plist.xml; path = Info.plist; sourceTree = "<group>"; };
		BBDCC5DD1A0D6A1000AA479F /* GameJamTests.swift */ = {isa = PBXFileReference; lastKnownFileType = sourcecode.swift; path = GameJamTests.swift; sourceTree = "<group>"; };
/* End PBXFileReference section */

/* Begin PBXFrameworksBuildPhase section */
		BBDCC5BB1A0D6A0F00AA479F /* Frameworks */ = {
			isa = PBXFrameworksBuildPhase;
			buildActionMask = 2147483647;
			files = (
				BBB1C2391A0F27B700633AD9 /* AVFoundation.framework in Frameworks */,
			);
			runOnlyForDeploymentPostprocessing = 0;
		};
		BBDCC5D41A0D6A1000AA479F /* Frameworks */ = {
			isa = PBXFrameworksBuildPhase;
			buildActionMask = 2147483647;
			files = (
			);
			runOnlyForDeploymentPostprocessing = 0;
		};
/* End PBXFrameworksBuildPhase section */

/* Begin PBXGroup section */
		BBB1C22A1A0E722D00633AD9 /* Particules */ = {
			isa = PBXGroup;
			children = (
				BBB1C2271A0E721600633AD9 /* spark.png */,
				BBB1C22B1A0E768200633AD9 /* Broke.sks */,
				BBB1C2311A0EE87200633AD9 /* Fire.sks */,
				BBB1C2331A0F1AE600633AD9 /* Smoke.sks */,
			);
			name = Particules;
			sourceTree = "<group>";
		};
		BBB1C2371A0F26D900633AD9 /* Songs */ = {
			isa = PBXGroup;
			children = (
				BBB1C2441A0F2E5400633AD9 /* crash.mp3 */,
				BBB1C2351A0F26D400633AD9 /* main.mp3 */,
				BBB1C23A1A0F2B2100633AD9 /* Cri_0.wav */,
				BBB1C23B1A0F2B2100633AD9 /* Cri_1.wav */,
				BBB1C23D1A0F2B2100633AD9 /* Cri_2.wav */,
				BBB1C23E1A0F2B2100633AD9 /* Cri_3.wav */,
			);
			name = Songs;
			sourceTree = "<group>";
		};
		BBDCC5B51A0D6A0F00AA479F = {
			isa = PBXGroup;
			children = (
				BBB1C2381A0F27B700633AD9 /* AVFoundation.framework */,
				BBDCC5C01A0D6A0F00AA479F /* GameJam */,
				BBDCC5DA1A0D6A1000AA479F /* GameJamTests */,
				BBDCC5BF1A0D6A0F00AA479F /* Products */,
			);
			sourceTree = "<group>";
		};
		BBDCC5BF1A0D6A0F00AA479F /* Products */ = {
			isa = PBXGroup;
			children = (
				BBDCC5BE1A0D6A0F00AA479F /* GameJam.app */,
				BBDCC5D71A0D6A1000AA479F /* GameJamTests.xctest */,
			);
			name = Products;
			sourceTree = "<group>";
		};
		BBDCC5C01A0D6A0F00AA479F /* GameJam */ = {
			isa = PBXGroup;
			children = (
				BBDCC5C31A0D6A0F00AA479F /* AppDelegate.swift */,
				BBDCC5C71A0D6A0F00AA479F /* GameScene.swift */,
				BB2325471A0D730A009DFD01 /* House.swift */,
				BBB1C21C1A0D91A700633AD9 /* Monster.swift */,
				BBB1C21E1A0D951C00633AD9 /* GeneratePlateform.swift */,
				BBB1C2241A0E71AC00633AD9 /* ParticuleManager.swift */,
				BBB1C2221A0E4E5300633AD9 /* GenerateItem.swift */,
				BBB1C22F1A0EAA7B00633AD9 /* GenerateMonster.swift */,
				BBB1C22D1A0E8ABB00633AD9 /* PreloadData.swift */,
				BBB1C21A1A0D8BF900633AD9 /* Player.swift */,
				BBB1C2201A0E18CB00633AD9 /* Collision.swift */,
				BBDCC5C91A0D6A0F00AA479F /* GameViewController.swift */,
				BBDCC5CB1A0D6A0F00AA479F /* Main.storyboard */,
				BBB1C2371A0F26D900633AD9 /* Songs */,
				BBB1C22A1A0E722D00633AD9 /* Particules */,
				BBDCC5CE1A0D6A1000AA479F /* Images.xcassets */,
				BBDCC5D01A0D6A1000AA479F /* LaunchScreen.xib */,
				BBDCC5C11A0D6A0F00AA479F /* Supporting Files */,
			);
			path = GameJam;
			sourceTree = "<group>";
		};
		BBDCC5C11A0D6A0F00AA479F /* Supporting Files */ = {
			isa = PBXGroup;
			children = (
				BBDCC5C21A0D6A0F00AA479F /* Info.plist */,
			);
			name = "Supporting Files";
			sourceTree = "<group>";
		};
		BBDCC5DA1A0D6A1000AA479F /* GameJamTests */ = {
			isa = PBXGroup;
			children = (
				BBDCC5DD1A0D6A1000AA479F /* GameJamTests.swift */,
				BBDCC5DB1A0D6A1000AA479F /* Supporting Files */,
			);
			path = GameJamTests;
			sourceTree = "<group>";
		};
		BBDCC5DB1A0D6A1000AA479F /* Supporting Files */ = {
			isa = PBXGroup;
			children = (
				BBDCC5DC1A0D6A1000AA479F /* Info.plist */,
			);
			name = "Supporting Files";
			sourceTree = "<group>";
		};
/* End PBXGroup section */

/* Begin PBXNativeTarget section */
		BBDCC5BD1A0D6A0F00AA479F /* GameJam */ = {
			isa = PBXNativeTarget;
			buildConfigurationList = BBDCC5E11A0D6A1000AA479F /* Build configuration list for PBXNativeTarget "GameJam" */;
			buildPhases = (
				BBDCC5BA1A0D6A0F00AA479F /* Sources */,
				BBDCC5BB1A0D6A0F00AA479F /* Frameworks */,
				BBDCC5BC1A0D6A0F00AA479F /* Resources */,
			);
			buildRules = (
			);
			dependencies = (
			);
			name = GameJam;
			productName = GameJam;
			productReference = BBDCC5BE1A0D6A0F00AA479F /* GameJam.app */;
			productType = "com.apple.product-type.application";
		};
		BBDCC5D61A0D6A1000AA479F /* GameJamTests */ = {
			isa = PBXNativeTarget;
			buildConfigurationList = BBDCC5E41A0D6A1000AA479F /* Build configuration list for PBXNativeTarget "GameJamTests" */;
			buildPhases = (
				BBDCC5D31A0D6A1000AA479F /* Sources */,
				BBDCC5D41A0D6A1000AA479F /* Frameworks */,
				BBDCC5D51A0D6A1000AA479F /* Resources */,
			);
			buildRules = (
			);
			dependencies = (
				BBDCC5D91A0D6A1000AA479F /* PBXTargetDependency */,
			);
			name = GameJamTests;
			productName = GameJamTests;
			productReference = BBDCC5D71A0D6A1000AA479F /* GameJamTests.xctest */;
			productType = "com.apple.product-type.bundle.unit-test";
		};
/* End PBXNativeTarget section */

/* Begin PBXProject section */
		BBDCC5B61A0D6A0F00AA479F /* Project object */ = {
			isa = PBXProject;
			attributes = {
				LastUpgradeCheck = 0610;
				ORGANIZATIONNAME = remirobert;
				TargetAttributes = {
					BBDCC5BD1A0D6A0F00AA479F = {
						CreatedOnToolsVersion = 6.1;
						DevelopmentTeam = 44Q2J6374R;
					};
					BBDCC5D61A0D6A1000AA479F = {
						CreatedOnToolsVersion = 6.1;
						TestTargetID = BBDCC5BD1A0D6A0F00AA479F;
					};
				};
			};
			buildConfigurationList = BBDCC5B91A0D6A0F00AA479F /* Build configuration list for PBXProject "GameJam" */;
			compatibilityVersion = "Xcode 3.2";
			developmentRegion = English;
			hasScannedForEncodings = 0;
			knownRegions = (
				en,
				Base,
			);
			mainGroup = BBDCC5B51A0D6A0F00AA479F;
			productRefGroup = BBDCC5BF1A0D6A0F00AA479F /* Products */;
			projectDirPath = "";
			projectRoot = "";
			targets = (
				BBDCC5BD1A0D6A0F00AA479F /* GameJam */,
				BBDCC5D61A0D6A1000AA479F /* GameJamTests */,
			);
		};
/* End PBXProject section */

/* Begin PBXResourcesBuildPhase section */
		BBDCC5BC1A0D6A0F00AA479F /* Resources */ = {
			isa = PBXResourcesBuildPhase;
			buildActionMask = 2147483647;
			files = (
				BBB1C2291A0E721600633AD9 /* spark.png in Resources */,
				BBDCC5D21A0D6A1000AA479F /* LaunchScreen.xib in Resources */,
				BBB1C2451A0F2E5400633AD9 /* crash.mp3 in Resources */,
				BBB1C2341A0F1AE600633AD9 /* Smoke.sks in Resources */,
				BBB1C22C1A0E768200633AD9 /* Broke.sks in Resources */,
				BBB1C2321A0EE87200633AD9 /* Fire.sks in Resources */,
				BBB1C2421A0F2B2100633AD9 /* Cri_2.wav in Resources */,
				BBDCC5CF1A0D6A1000AA479F /* Images.xcassets in Resources */,
				BBDCC5CD1A0D6A0F00AA479F /* Main.storyboard in Resources */,
				BBB1C23F1A0F2B2100633AD9 /* Cri_0.wav in Resources */,
				BBB1C2401A0F2B2100633AD9 /* Cri_1.wav in Resources */,
				BBB1C2431A0F2B2100633AD9 /* Cri_3.wav in Resources */,
				BBB1C2361A0F26D400633AD9 /* main.mp3 in Resources */,
			);
			runOnlyForDeploymentPostprocessing = 0;
		};
		BBDCC5D51A0D6A1000AA479F /* Resources */ = {
			isa = PBXResourcesBuildPhase;
			buildActionMask = 2147483647;
			files = (
			);
			runOnlyForDeploymentPostprocessing = 0;
		};
/* End PBXResourcesBuildPhase section */

/* Begin PBXSourcesBuildPhase section */
		BBDCC5BA1A0D6A0F00AA479F /* Sources */ = {
			isa = PBXSourcesBuildPhase;
			buildActionMask = 2147483647;
			files = (
				BBDCC5C81A0D6A0F00AA479F /* GameScene.swift in Sources */,
				BBDCC5CA1A0D6A0F00AA479F /* GameViewController.swift in Sources */,
				BB2325481A0D730A009DFD01 /* House.swift in Sources */,
				BBB1C2301A0EAA7B00633AD9 /* GenerateMonster.swift in Sources */,
				BBB1C21B1A0D8BF900633AD9 /* Player.swift in Sources */,
				BBB1C2231A0E4E5300633AD9 /* GenerateItem.swift in Sources */,
				BBB1C21F1A0D951C00633AD9 /* GeneratePlateform.swift in Sources */,
				BBB1C21D1A0D91A700633AD9 /* Monster.swift in Sources */,
				BBB1C22E1A0E8ABB00633AD9 /* PreloadData.swift in Sources */,
				BBB1C2211A0E18CB00633AD9 /* Collision.swift in Sources */,
				BBDCC5C41A0D6A0F00AA479F /* AppDelegate.swift in Sources */,
				BBB1C2251A0E71AC00633AD9 /* ParticuleManager.swift in Sources */,
			);
			runOnlyForDeploymentPostprocessing = 0;
		};
		BBDCC5D31A0D6A1000AA479F /* Sources */ = {
			isa = PBXSourcesBuildPhase;
			buildActionMask = 2147483647;
			files = (
				BBDCC5DE1A0D6A1000AA479F /* GameJamTests.swift in Sources */,
			);
			runOnlyForDeploymentPostprocessing = 0;
		};
/* End PBXSourcesBuildPhase section */

/* Begin PBXTargetDependency section */
		BBDCC5D91A0D6A1000AA479F /* PBXTargetDependency */ = {
			isa = PBXTargetDependency;
			target = BBDCC5BD1A0D6A0F00AA479F /* GameJam */;
			targetProxy = BBDCC5D81A0D6A1000AA479F /* PBXContainerItemProxy */;
		};
/* End PBXTargetDependency section */

/* Begin PBXVariantGroup section */
		BBDCC5CB1A0D6A0F00AA479F /* Main.storyboard */ = {
			isa = PBXVariantGroup;
			children = (
				BBDCC5CC1A0D6A0F00AA479F /* Base */,
			);
			name = Main.storyboard;
			sourceTree = "<group>";
		};
		BBDCC5D01A0D6A1000AA479F /* LaunchScreen.xib */ = {
			isa = PBXVariantGroup;
			children = (
				BBDCC5D11A0D6A1000AA479F /* Base */,
			);
			name = LaunchScreen.xib;
			sourceTree = "<group>";
		};
/* End PBXVariantGroup section */

/* Begin XCBuildConfiguration section */
		BBDCC5DF1A0D6A1000AA479F /* Debug */ = {
			isa = XCBuildConfiguration;
			buildSettings = {
				ALWAYS_SEARCH_USER_PATHS = NO;
				CLANG_CXX_LANGUAGE_STANDARD = "gnu++0x";
				CLANG_CXX_LIBRARY = "libc++";
				CLANG_ENABLE_MODULES = YES;
				CLANG_ENABLE_OBJC_ARC = YES;
				CLANG_WARN_BOOL_CONVERSION = YES;
				CLANG_WARN_CONSTANT_CONVERSION = YES;
				CLANG_WARN_DIRECT_OBJC_ISA_USAGE = YES_ERROR;
				CLANG_WARN_EMPTY_BODY = YES;
				CLANG_WARN_ENUM_CONVERSION = YES;
				CLANG_WARN_INT_CONVERSION = YES;
				CLANG_WARN_OBJC_ROOT_CLASS = YES_ERROR;
				CLANG_WARN_UNREACHABLE_CODE = YES;
				CLANG_WARN__DUPLICATE_METHOD_MATCH = YES;
				"CODE_SIGN_IDENTITY[sdk=iphoneos*]" = "iPhone Developer";
				COPY_PHASE_STRIP = NO;
				ENABLE_STRICT_OBJC_MSGSEND = YES;
				GCC_C_LANGUAGE_STANDARD = gnu99;
				GCC_DYNAMIC_NO_PIC = NO;
				GCC_OPTIMIZATION_LEVEL = 0;
				GCC_PREPROCESSOR_DEFINITIONS = (
					"DEBUG=1",
					"$(inherited)",
				);
				GCC_SYMBOLS_PRIVATE_EXTERN = NO;
				GCC_WARN_64_TO_32_BIT_CONVERSION = YES;
				GCC_WARN_ABOUT_RETURN_TYPE = YES_ERROR;
				GCC_WARN_UNDECLARED_SELECTOR = YES;
				GCC_WARN_UNINITIALIZED_AUTOS = YES_AGGRESSIVE;
				GCC_WARN_UNUSED_FUNCTION = YES;
				GCC_WARN_UNUSED_VARIABLE = YES;
				IPHONEOS_DEPLOYMENT_TARGET = 8.1;
				MTL_ENABLE_DEBUG_INFO = YES;
				ONLY_ACTIVE_ARCH = YES;
				SDKROOT = iphoneos;
				SWIFT_OPTIMIZATION_LEVEL = "-Onone";
			};
			name = Debug;
		};
		BBDCC5E01A0D6A1000AA479F /* Release */ = {
			isa = XCBuildConfiguration;
			buildSettings = {
				ALWAYS_SEARCH_USER_PATHS = NO;
				CLANG_CXX_LANGUAGE_STANDARD = "gnu++0x";
				CLANG_CXX_LIBRARY = "libc++";
				CLANG_ENABLE_MODULES = YES;
				CLANG_ENABLE_OBJC_ARC = YES;
				CLANG_WARN_BOOL_CONVERSION = YES;
				CLANG_WARN_CONSTANT_CONVERSION = YES;
				CLANG_WARN_DIRECT_OBJC_ISA_USAGE = YES_ERROR;
				CLANG_WARN_EMPTY_BODY = YES;
				CLANG_WARN_ENUM_CONVERSION = YES;
				CLANG_WARN_INT_CONVERSION = YES;
				CLANG_WARN_OBJC_ROOT_CLASS = YES_ERROR;
				CLANG_WARN_UNREACHABLE_CODE = YES;
				CLANG_WARN__DUPLICATE_METHOD_MATCH = YES;
				"CODE_SIGN_IDENTITY[sdk=iphoneos*]" = "iPhone Developer";
				COPY_PHASE_STRIP = YES;
				ENABLE_NS_ASSERTIONS = NO;
				ENABLE_STRICT_OBJC_MSGSEND = YES;
				GCC_C_LANGUAGE_STANDARD = gnu99;
				GCC_WARN_64_TO_32_BIT_CONVERSION = YES;
				GCC_WARN_ABOUT_RETURN_TYPE = YES_ERROR;
				GCC_WARN_UNDECLARED_SELECTOR = YES;
				GCC_WARN_UNINITIALIZED_AUTOS = YES_AGGRESSIVE;
				GCC_WARN_UNUSED_FUNCTION = YES;
				GCC_WARN_UNUSED_VARIABLE = YES;
				IPHONEOS_DEPLOYMENT_TARGET = 8.1;
				MTL_ENABLE_DEBUG_INFO = NO;
				SDKROOT = iphoneos;
				VALIDATE_PRODUCT = YES;
			};
			name = Release;
		};
		BBDCC5E21A0D6A1000AA479F /* Debug */ = {
			isa = XCBuildConfiguration;
			buildSettings = {
				ASSETCATALOG_COMPILER_APPICON_NAME = AppIcon;
				CODE_SIGN_IDENTITY = "iPhone Developer";
				"CODE_SIGN_IDENTITY[sdk=iphoneos*]" = "iPhone Developer";
				INFOPLIST_FILE = GameJam/Info.plist;
				IPHONEOS_DEPLOYMENT_TARGET = 8.0;
				LD_RUNPATH_SEARCH_PATHS = "$(inherited) @executable_path/Frameworks";
				PRODUCT_NAME = "$(TARGET_NAME)";
				PROVISIONING_PROFILE = "";
				TARGETED_DEVICE_FAMILY = 2;
			};
			name = Debug;
		};
		BBDCC5E31A0D6A1000AA479F /* Release */ = {
			isa = XCBuildConfiguration;
			buildSettings = {
				ASSETCATALOG_COMPILER_APPICON_NAME = AppIcon;
				CODE_SIGN_IDENTITY = "iPhone Developer";
				"CODE_SIGN_IDENTITY[sdk=iphoneos*]" = "iPhone Developer";
				INFOPLIST_FILE = GameJam/Info.plist;
				IPHONEOS_DEPLOYMENT_TARGET = 8.0;
				LD_RUNPATH_SEARCH_PATHS = "$(inherited) @executable_path/Frameworks";
				PRODUCT_NAME = "$(TARGET_NAME)";
				PROVISIONING_PROFILE = "";
				TARGETED_DEVICE_FAMILY = 2;
			};
			name = Release;
		};
		BBDCC5E51A0D6A1000AA479F /* Debug */ = {
			isa = XCBuildConfiguration;
			buildSettings = {
				BUNDLE_LOADER = "$(TEST_HOST)";
				FRAMEWORK_SEARCH_PATHS = (
					"$(SDKROOT)/Developer/Library/Frameworks",
					"$(inherited)",
				);
				GCC_PREPROCESSOR_DEFINITIONS = (
					"DEBUG=1",
					"$(inherited)",
				);
				INFOPLIST_FILE = GameJamTests/Info.plist;
				LD_RUNPATH_SEARCH_PATHS = "$(inherited) @executable_path/Frameworks @loader_path/Frameworks";
				PRODUCT_NAME = "$(TARGET_NAME)";
				TEST_HOST = "$(BUILT_PRODUCTS_DIR)/GameJam.app/GameJam";
			};
			name = Debug;
		};
		BBDCC5E61A0D6A1000AA479F /* Release */ = {
			isa = XCBuildConfiguration;
			buildSettings = {
				BUNDLE_LOADER = "$(TEST_HOST)";
				FRAMEWORK_SEARCH_PATHS = (
					"$(SDKROOT)/Developer/Library/Frameworks",
					"$(inherited)",
				);
				INFOPLIST_FILE = GameJamTests/Info.plist;
				LD_RUNPATH_SEARCH_PATHS = "$(inherited) @executable_path/Frameworks @loader_path/Frameworks";
				PRODUCT_NAME = "$(TARGET_NAME)";
				TEST_HOST = "$(BUILT_PRODUCTS_DIR)/GameJam.app/GameJam";
			};
			name = Release;
		};
/* End XCBuildConfiguration section */

/* Begin XCConfigurationList section */
		BBDCC5B91A0D6A0F00AA479F /* Build configuration list for PBXProject "GameJam" */ = {
			isa = XCConfigurationList;
			buildConfigurations = (
				BBDCC5DF1A0D6A1000AA479F /* Debug */,
				BBDCC5E01A0D6A1000AA479F /* Release */,
			);
			defaultConfigurationIsVisible = 0;
			defaultConfigurationName = Release;
		};
		BBDCC5E11A0D6A1000AA479F /* Build configuration list for PBXNativeTarget "GameJam" */ = {
			isa = XCConfigurationList;
			buildConfigurations = (
				BBDCC5E21A0D6A1000AA479F /* Debug */,
				BBDCC5E31A0D6A1000AA479F /* Release */,
			);
			defaultConfigurationIsVisible = 0;
			defaultConfigurationName = Release;
		};
		BBDCC5E41A0D6A1000AA479F /* Build configuration list for PBXNativeTarget "GameJamTests" */ = {
			isa = XCConfigurationList;
			buildConfigurations = (
				BBDCC5E51A0D6A1000AA479F /* Debug */,
				BBDCC5E61A0D6A1000AA479F /* Release */,
			);
			defaultConfigurationIsVisible = 0;
			defaultConfigurationName = Release;
		};
/* End XCConfigurationList section */
	};
	rootObject = BBDCC5B61A0D6A0F00AA479F /* Project object */;
}
